github.com/bwesterb/go-ristretto v1.2.1 h1:Xd9ZXmjKE2aY8Ub7+4bX7tXsIPsV1pIZaUlJUjI1toE=
github.com/bwesterb/go-ristretto v1.2.1/go.mod h1:fUIoIZaG73pV5biE2Blr2xEzDoMj7NFEuV9ekS419A0=
github.com/bwesterb/go-ristretto v1.2.3 h1:1w53tCkGhCQ5djbat3+MH0BAQ5Kfgbt56UZQ/JMzngw=
github.com/bwesterb/go-ristretto v1.2.3/go.mod h1:fUIoIZaG73pV5biE2Blr2xEzDoMj7NFEuV9ekS419A0=
github.com/roasbeef/go-go-gadget-paillier v0.0.0-20181009074315-14f1f86b6000 h1:znxuF/AnRNeTsBv07YsovqSwkrHUJ47icAAKSBe1FSU=
github.com/roasbeef/go-go-gadget-paillier v0.0.0-20181009074315-14f1f86b6000/go.mod h1:GbaLtXlO/CWjBZzgF70Gfq+iyj51b64JMWu0zT/YEkY=
golang.org/x/crypto v0.10.0 h1:LKqV2xt9+kDzSTfOhx4FrkEBcMrAgHSYgzywV9zcGmM=
golang.org/x/crypto v0.10.0/go.mod h1:o4eNf7Ede1fv+hwOwZsTHl9EsPFO6q6ZvYR8vYfY45I=
golang.org/x/sys v0.9.0 h1:KS/R3tvhPqvJvwcKfnBHJwwthS11LRhmM5D59eEXa0s=
golang.org/x/sys v0.9.0/go.mod h1:oPkhp1MJrh7nUepCBck5+mAzfO9JrbApNNgaTdGDITg=
